
Microsoft Visual Studio Solution File, Format Version 12.00
# Visual Studio Version 16
VisualStudioVersion = 16.0.29926.136
MinimumVisualStudioVersion = 10.0.40219.1
Project("{8BC9CEB8-8B4A-11D0-8D11-00A0C91BC942}") = "Database Homework 1", "Database Homework 1\Database Homework 1.vcxproj", "{EB57CD33-F32C-4B1C-A929-983C141A5FFB}"
EndProject
Global
	GlobalSection(SolutionConfigurationPlatforms) = preSolution
		Debug|x64 = Debug|x64
		Debug|x86 = Debug|x86
		Release|x64 = Release|x64
		Release|x86 = Release|x86
	EndGlobalSection
	GlobalSection(ProjectConfigurationPlatforms) = postSolution
		{EB57CD33-F32C-4B1C-A929-983C141A5FFB}.Debug|x64.ActiveCfg = Debug|x64
		{EB57CD33-F32C-4B1C-A929-983C141A5FFB}.Debug|x64.Build.0 = Debug|x64
		{EB57CD33-F32C-4B1C-A929-983C141A5FFB}.Debug|x86.ActiveCfg = Debug|Win32
		{EB57CD33-F32C-4B1C-A929-983C141A5FFB}.Debug|x86.Build.0 = Debug|Win32
		{EB57CD33-F32C-4B1C-A929-983C141A5FFB}.Release|x64.ActiveCfg = Release|x64
		{EB57CD33-F32C-4B1C-A929-983C141A5FFB}.Release|x64.Build.0 = Release|x64
		{EB57CD33-F32C-4B1C-A929-983C141A5FFB}.Release|x86.ActiveCfg = Release|Win32
		{EB57CD33-F32C-4B1C-A929-983C141A5FFB}.Release|x86.Build.0 = Release|Win32
	EndGlobalSection
	GlobalSection(SolutionProperties) = preSolution
		HideSolutionNode = FALSE
	EndGlobalSection
	GlobalSection(ExtensibilityGlobals) = postSolution
		SolutionGuid = {70354916-315B-44DF-B09A-BE65A150FCD1}
	EndGlobalSection
EndGlobal
